// !$*UTF8*$!
{
	archiveVersion = 1;
	classes = {
	};
	objectVersion = 46;
	objects = {

/* Begin PBXBuildFile section */
		4040885D1BD50B7E00606846 /* main.m in Sources */ = {isa = PBXBuildFile; fileRef = 4040885C1BD50B7E00606846 /* main.m */; };
		404088601BD50B7E00606846 /* AppDelegate.m in Sources */ = {isa = PBXBuildFile; fileRef = 4040885F1BD50B7E00606846 /* AppDelegate.m */; };
		404088631BD50B7E00606846 /* ViewController.m in Sources */ = {isa = PBXBuildFile; fileRef = 404088621BD50B7E00606846 /* ViewController.m */; };
		404088661BD50B7E00606846 /* Main.storyboard in Resources */ = {isa = PBXBuildFile; fileRef = 404088641BD50B7E00606846 /* Main.storyboard */; };
		404088681BD50B7E00606846 /* Assets.xcassets in Resources */ = {isa = PBXBuildFile; fileRef = 404088671BD50B7E00606846 /* Assets.xcassets */; };
		4040886B1BD50B7E00606846 /* LaunchScreen.storyboard in Resources */ = {isa = PBXBuildFile; fileRef = 404088691BD50B7E00606846 /* LaunchScreen.storyboard */; };
		404088811BD50B7F00606846 /* MBAttachmentsPickerUITests.m in Sources */ = {isa = PBXBuildFile; fileRef = 404088801BD50B7F00606846 /* MBAttachmentsPickerUITests.m */; };
		404088901BD50D4900606846 /* MBAttachmentsPickerController.m in Sources */ = {isa = PBXBuildFile; fileRef = 4040888F1BD50D4900606846 /* MBAttachmentsPickerController.m */; settings = {ASSET_TAGS = (); }; };
		404088931BD50DB600606846 /* MBSheetAction.m in Sources */ = {isa = PBXBuildFile; fileRef = 404088921BD50DB600606846 /* MBSheetAction.m */; settings = {ASSET_TAGS = (); }; };
		404088981BD50F9300606846 /* MBSheetController.m in Sources */ = {isa = PBXBuildFile; fileRef = 404088971BD50F9300606846 /* MBSheetController.m */; settings = {ASSET_TAGS = (); }; };
		4040889F1BD50FF500606846 /* MBAttachment.m in Sources */ = {isa = PBXBuildFile; fileRef = 4040889E1BD50FF500606846 /* MBAttachment.m */; settings = {ASSET_TAGS = (); }; };
		404088BB1BD51CE300606846 /* libOCMock.a in Frameworks */ = {isa = PBXBuildFile; fileRef = 404088AF1BD51CE300606846 /* libOCMock.a */; settings = {ASSET_TAGS = (); }; };
		4041F2E71BD6C6A3006136FB /* MBPickerAnimationController.m in Sources */ = {isa = PBXBuildFile; fileRef = 4041F2E61BD6C6A3006136FB /* MBPickerAnimationController.m */; settings = {ASSET_TAGS = (); }; };
		4041F2EC1BD6D674006136FB /* MBFunctionalExtensions.m in Sources */ = {isa = PBXBuildFile; fileRef = 4041F2EA1BD6D674006136FB /* MBFunctionalExtensions.m */; settings = {ASSET_TAGS = (); }; };
		4041F2EF1BD6DB6A006136FB /* MBSheetCollectionViewLayout.m in Sources */ = {isa = PBXBuildFile; fileRef = 4041F2EE1BD6DB6A006136FB /* MBSheetCollectionViewLayout.m */; settings = {ASSET_TAGS = (); }; };
		4041F2F21BD6DC67006136FB /* MBSheetHostCell.m in Sources */ = {isa = PBXBuildFile; fileRef = 4041F2F11BD6DC67006136FB /* MBSheetHostCell.m */; settings = {ASSET_TAGS = (); }; };
/* End PBXBuildFile section */

/* Begin PBXContainerItemProxy section */
		404088721BD50B7F00606846 /* PBXContainerItemProxy */ = {
			isa = PBXContainerItemProxy;
			containerPortal = 404088501BD50B7E00606846 /* Project object */;
			proxyType = 1;
			remoteGlobalIDString = 404088571BD50B7E00606846;
			remoteInfo = MBAttachmentsPicker;
		};
		4040887D1BD50B7F00606846 /* PBXContainerItemProxy */ = {
			isa = PBXContainerItemProxy;
			containerPortal = 404088501BD50B7E00606846 /* Project object */;
			proxyType = 1;
			remoteGlobalIDString = 404088571BD50B7E00606846;
			remoteInfo = MBAttachmentsPicker;
		};
/* End PBXContainerItemProxy section */

/* Begin PBXFileReference section */
		404088581BD50B7E00606846 /* MBAttachmentsPicker.app */ = {isa = PBXFileReference; explicitFileType = wrapper.application; includeInIndex = 0; path = MBAttachmentsPicker.app; sourceTree = BUILT_PRODUCTS_DIR; };
		4040885C1BD50B7E00606846 /* main.m */ = {isa = PBXFileReference; lastKnownFileType = sourcecode.c.objc; path = main.m; sourceTree = "<group>"; };
		4040885E1BD50B7E00606846 /* AppDelegate.h */ = {isa = PBXFileReference; lastKnownFileType = sourcecode.c.h; path = AppDelegate.h; sourceTree = "<group>"; };
		4040885F1BD50B7E00606846 /* AppDelegate.m */ = {isa = PBXFileReference; lastKnownFileType = sourcecode.c.objc; path = AppDelegate.m; sourceTree = "<group>"; };
		404088611BD50B7E00606846 /* ViewController.h */ = {isa = PBXFileReference; lastKnownFileType = sourcecode.c.h; path = ViewController.h; sourceTree = "<group>"; };
		404088621BD50B7E00606846 /* ViewController.m */ = {isa = PBXFileReference; lastKnownFileType = sourcecode.c.objc; path = ViewController.m; sourceTree = "<group>"; };
		404088651BD50B7E00606846 /* Base */ = {isa = PBXFileReference; lastKnownFileType = file.storyboard; name = Base; path = Base.lproj/Main.storyboard; sourceTree = "<group>"; };
		404088671BD50B7E00606846 /* Assets.xcassets */ = {isa = PBXFileReference; lastKnownFileType = folder.assetcatalog; path = Assets.xcassets; sourceTree = "<group>"; };
		4040886A1BD50B7E00606846 /* Base */ = {isa = PBXFileReference; lastKnownFileType = file.storyboard; name = Base; path = Base.lproj/LaunchScreen.storyboard; sourceTree = "<group>"; };
		4040886C1BD50B7E00606846 /* Info.plist */ = {isa = PBXFileReference; lastKnownFileType = text.plist.xml; path = Info.plist; sourceTree = "<group>"; };
		404088711BD50B7F00606846 /* MBAttachmentsPickerTests.xctest */ = {isa = PBXFileReference; explicitFileType = wrapper.cfbundle; includeInIndex = 0; path = MBAttachmentsPickerTests.xctest; sourceTree = BUILT_PRODUCTS_DIR; };
		404088771BD50B7F00606846 /* Info.plist */ = {isa = PBXFileReference; lastKnownFileType = text.plist.xml; path = Info.plist; sourceTree = "<group>"; };
		4040887C1BD50B7F00606846 /* MBAttachmentsPickerUITests.xctest */ = {isa = PBXFileReference; explicitFileType = wrapper.cfbundle; includeInIndex = 0; path = MBAttachmentsPickerUITests.xctest; sourceTree = BUILT_PRODUCTS_DIR; };
		404088801BD50B7F00606846 /* MBAttachmentsPickerUITests.m */ = {isa = PBXFileReference; lastKnownFileType = sourcecode.c.objc; path = MBAttachmentsPickerUITests.m; sourceTree = "<group>"; };
		404088821BD50B7F00606846 /* Info.plist */ = {isa = PBXFileReference; lastKnownFileType = text.plist.xml; path = Info.plist; sourceTree = "<group>"; };
		4040888E1BD50D4900606846 /* MBAttachmentsPickerController.h */ = {isa = PBXFileReference; fileEncoding = 4; lastKnownFileType = sourcecode.c.h; path = MBAttachmentsPickerController.h; sourceTree = "<group>"; };
		4040888F1BD50D4900606846 /* MBAttachmentsPickerController.m */ = {isa = PBXFileReference; fileEncoding = 4; lastKnownFileType = sourcecode.c.objc; path = MBAttachmentsPickerController.m; sourceTree = "<group>"; };
		404088911BD50DB600606846 /* MBSheetAction.h */ = {isa = PBXFileReference; fileEncoding = 4; lastKnownFileType = sourcecode.c.h; path = MBSheetAction.h; sourceTree = "<group>"; };
		404088921BD50DB600606846 /* MBSheetAction.m */ = {isa = PBXFileReference; fileEncoding = 4; lastKnownFileType = sourcecode.c.objc; path = MBSheetAction.m; sourceTree = "<group>"; };
		404088961BD50F9300606846 /* MBSheetController.h */ = {isa = PBXFileReference; fileEncoding = 4; lastKnownFileType = sourcecode.c.h; path = MBSheetController.h; sourceTree = "<group>"; };
		404088971BD50F9300606846 /* MBSheetController.m */ = {isa = PBXFileReference; fileEncoding = 4; lastKnownFileType = sourcecode.c.objc; path = MBSheetController.m; sourceTree = "<group>"; };
		4040889D1BD50FF500606846 /* MBAttachment.h */ = {isa = PBXFileReference; fileEncoding = 4; lastKnownFileType = sourcecode.c.h; path = MBAttachment.h; sourceTree = "<group>"; };
		4040889E1BD50FF500606846 /* MBAttachment.m */ = {isa = PBXFileReference; fileEncoding = 4; lastKnownFileType = sourcecode.c.objc; path = MBAttachment.m; sourceTree = "<group>"; };
		404088AF1BD51CE300606846 /* libOCMock.a */ = {isa = PBXFileReference; lastKnownFileType = archive.ar; name = libOCMock.a; path = Vendor/libOCMock.a; sourceTree = "<group>"; };
		404088B11BD51CE300606846 /* NSNotificationCenter+OCMAdditions.h */ = {isa = PBXFileReference; fileEncoding = 4; lastKnownFileType = sourcecode.c.h; path = "NSNotificationCenter+OCMAdditions.h"; sourceTree = "<group>"; };
		404088B21BD51CE300606846 /* OCMArg.h */ = {isa = PBXFileReference; fileEncoding = 4; lastKnownFileType = sourcecode.c.h; path = OCMArg.h; sourceTree = "<group>"; };
		404088B31BD51CE300606846 /* OCMConstraint.h */ = {isa = PBXFileReference; fileEncoding = 4; lastKnownFileType = sourcecode.c.h; path = OCMConstraint.h; sourceTree = "<group>"; };
		404088B41BD51CE300606846 /* OCMFunctions.h */ = {isa = PBXFileReference; fileEncoding = 4; lastKnownFileType = sourcecode.c.h; path = OCMFunctions.h; sourceTree = "<group>"; };
		404088B51BD51CE300606846 /* OCMLocation.h */ = {isa = PBXFileReference; fileEncoding = 4; lastKnownFileType = sourcecode.c.h; path = OCMLocation.h; sourceTree = "<group>"; };
		404088B61BD51CE300606846 /* OCMMacroState.h */ = {isa = PBXFileReference; fileEncoding = 4; lastKnownFileType = sourcecode.c.h; path = OCMMacroState.h; sourceTree = "<group>"; };
		404088B71BD51CE300606846 /* OCMock.h */ = {isa = PBXFileReference; fileEncoding = 4; lastKnownFileType = sourcecode.c.h; path = OCMock.h; sourceTree = "<group>"; };
		404088B81BD51CE300606846 /* OCMockObject.h */ = {isa = PBXFileReference; fileEncoding = 4; lastKnownFileType = sourcecode.c.h; path = OCMockObject.h; sourceTree = "<group>"; };
		404088B91BD51CE300606846 /* OCMRecorder.h */ = {isa = PBXFileReference; fileEncoding = 4; lastKnownFileType = sourcecode.c.h; path = OCMRecorder.h; sourceTree = "<group>"; };
		404088BA1BD51CE300606846 /* OCMStubRecorder.h */ = {isa = PBXFileReference; fileEncoding = 4; lastKnownFileType = sourcecode.c.h; path = OCMStubRecorder.h; sourceTree = "<group>"; };
		4041F2E51BD6C6A3006136FB /* MBPickerAnimationController.h */ = {isa = PBXFileReference; fileEncoding = 4; lastKnownFileType = sourcecode.c.h; path = MBPickerAnimationController.h; sourceTree = "<group>"; };
		4041F2E61BD6C6A3006136FB /* MBPickerAnimationController.m */ = {isa = PBXFileReference; fileEncoding = 4; lastKnownFileType = sourcecode.c.objc; path = MBPickerAnimationController.m; sourceTree = "<group>"; };
		4041F2E81BD6C6D7006136FB /* MBPickerProtocols.h */ = {isa = PBXFileReference; lastKnownFileType = sourcecode.c.h; path = MBPickerProtocols.h; sourceTree = "<group>"; };
		4041F2EA1BD6D674006136FB /* MBFunctionalExtensions.m */ = {isa = PBXFileReference; fileEncoding = 4; lastKnownFileType = sourcecode.c.objc; name = MBFunctionalExtensions.m; path = MBAttachmentsPicker/Vendor/MBFunctionalExtensions.m; sourceTree = "<group>"; };
		4041F2EB1BD6D674006136FB /* MBFunctionalExtensions.h */ = {isa = PBXFileReference; fileEncoding = 4; lastKnownFileType = sourcecode.c.h; name = MBFunctionalExtensions.h; path = MBAttachmentsPicker/Vendor/MBFunctionalExtensions.h; sourceTree = "<group>"; };
		4041F2ED1BD6DB6A006136FB /* MBSheetCollectionViewLayout.h */ = {isa = PBXFileReference; fileEncoding = 4; lastKnownFileType = sourcecode.c.h; path = MBSheetCollectionViewLayout.h; sourceTree = "<group>"; };
		4041F2EE1BD6DB6A006136FB /* MBSheetCollectionViewLayout.m */ = {isa = PBXFileReference; fileEncoding = 4; lastKnownFileType = sourcecode.c.objc; path = MBSheetCollectionViewLayout.m; sourceTree = "<group>"; };
		4041F2F01BD6DC67006136FB /* MBSheetHostCell.h */ = {isa = PBXFileReference; fileEncoding = 4; lastKnownFileType = sourcecode.c.h; path = MBSheetHostCell.h; sourceTree = "<group>"; };
		4041F2F11BD6DC67006136FB /* MBSheetHostCell.m */ = {isa = PBXFileReference; fileEncoding = 4; lastKnownFileType = sourcecode.c.objc; path = MBSheetHostCell.m; sourceTree = "<group>"; };
		4041F2F31BD6DEAE006136FB /* MBPickerDefines.h */ = {isa = PBXFileReference; lastKnownFileType = sourcecode.c.h; path = MBPickerDefines.h; sourceTree = "<group>"; };
/* End PBXFileReference section */

/* Begin PBXFrameworksBuildPhase section */
		404088551BD50B7E00606846 /* Frameworks */ = {
			isa = PBXFrameworksBuildPhase;
			buildActionMask = 2147483647;
			files = (
			);
			runOnlyForDeploymentPostprocessing = 0;
		};
		4040886E1BD50B7F00606846 /* Frameworks */ = {
			isa = PBXFrameworksBuildPhase;
			buildActionMask = 2147483647;
			files = (
				404088BB1BD51CE300606846 /* libOCMock.a in Frameworks */,
			);
			runOnlyForDeploymentPostprocessing = 0;
		};
		404088791BD50B7F00606846 /* Frameworks */ = {
			isa = PBXFrameworksBuildPhase;
			buildActionMask = 2147483647;
			files = (
			);
			runOnlyForDeploymentPostprocessing = 0;
		};
/* End PBXFrameworksBuildPhase section */

/* Begin PBXGroup section */
		4040884F1BD50B7E00606846 = {
			isa = PBXGroup;
			children = (
				4041F2E91BD6D617006136FB /* Vendor */,
				4040885A1BD50B7E00606846 /* MBAttachmentsPicker */,
				404088741BD50B7F00606846 /* MBAttachmentsPickerTests */,
				4040887F1BD50B7F00606846 /* MBAttachmentsPickerUITests */,
				404088591BD50B7E00606846 /* Products */,
			);
			sourceTree = "<group>";
		};
		404088591BD50B7E00606846 /* Products */ = {
			isa = PBXGroup;
			children = (
				404088581BD50B7E00606846 /* MBAttachmentsPicker.app */,
				404088711BD50B7F00606846 /* MBAttachmentsPickerTests.xctest */,
				4040887C1BD50B7F00606846 /* MBAttachmentsPickerUITests.xctest */,
			);
			name = Products;
			sourceTree = "<group>";
		};
		4040885A1BD50B7E00606846 /* MBAttachmentsPicker */ = {
			isa = PBXGroup;
			children = (
				4041F2F31BD6DEAE006136FB /* MBPickerDefines.h */,
				4041F2E81BD6C6D7006136FB /* MBPickerProtocols.h */,
				4040889C1BD50FD600606846 /* AttachmentsPicker */,
				404088941BD50F7B00606846 /* SheetController */,
				404088BC1BD571A300606846 /* Example */,
				404088641BD50B7E00606846 /* Main.storyboard */,
				404088671BD50B7E00606846 /* Assets.xcassets */,
				404088691BD50B7E00606846 /* LaunchScreen.storyboard */,
				4040886C1BD50B7E00606846 /* Info.plist */,
				4040885B1BD50B7E00606846 /* Supporting Files */,
			);
			path = MBAttachmentsPicker;
			sourceTree = "<group>";
		};
		4040885B1BD50B7E00606846 /* Supporting Files */ = {
			isa = PBXGroup;
			children = (
				4040885C1BD50B7E00606846 /* main.m */,
			);
			name = "Supporting Files";
			sourceTree = "<group>";
		};
		404088741BD50B7F00606846 /* MBAttachmentsPickerTests */ = {
			isa = PBXGroup;
			children = (
				404088AF1BD51CE300606846 /* libOCMock.a */,
				404088B01BD51CE300606846 /* OCMock */,
				404088771BD50B7F00606846 /* Info.plist */,
			);
			path = MBAttachmentsPickerTests;
			sourceTree = "<group>";
		};
		4040887F1BD50B7F00606846 /* MBAttachmentsPickerUITests */ = {
			isa = PBXGroup;
			children = (
				404088801BD50B7F00606846 /* MBAttachmentsPickerUITests.m */,
				404088821BD50B7F00606846 /* Info.plist */,
			);
			path = MBAttachmentsPickerUITests;
			sourceTree = "<group>";
		};
		404088941BD50F7B00606846 /* SheetController */ = {
			isa = PBXGroup;
			children = (
				404088961BD50F9300606846 /* MBSheetController.h */,
				404088971BD50F9300606846 /* MBSheetController.m */,
				4041F2ED1BD6DB6A006136FB /* MBSheetCollectionViewLayout.h */,
				4041F2EE1BD6DB6A006136FB /* MBSheetCollectionViewLayout.m */,
				4041F2F01BD6DC67006136FB /* MBSheetHostCell.h */,
				4041F2F11BD6DC67006136FB /* MBSheetHostCell.m */,
			);
			name = SheetController;
			sourceTree = "<group>";
		};
		4040889C1BD50FD600606846 /* AttachmentsPicker */ = {
			isa = PBXGroup;
			children = (
				4041F2E51BD6C6A3006136FB /* MBPickerAnimationController.h */,
				4041F2E61BD6C6A3006136FB /* MBPickerAnimationController.m */,
				4040888E1BD50D4900606846 /* MBAttachmentsPickerController.h */,
				4040888F1BD50D4900606846 /* MBAttachmentsPickerController.m */,
				404088911BD50DB600606846 /* MBSheetAction.h */,
				404088921BD50DB600606846 /* MBSheetAction.m */,
				4040889D1BD50FF500606846 /* MBAttachment.h */,
				4040889E1BD50FF500606846 /* MBAttachment.m */,
			);
			name = AttachmentsPicker;
			sourceTree = "<group>";
		};
		404088B01BD51CE300606846 /* OCMock */ = {
			isa = PBXGroup;
			children = (
				404088B11BD51CE300606846 /* NSNotificationCenter+OCMAdditions.h */,
				404088B21BD51CE300606846 /* OCMArg.h */,
				404088B31BD51CE300606846 /* OCMConstraint.h */,
				404088B41BD51CE300606846 /* OCMFunctions.h */,
				404088B51BD51CE300606846 /* OCMLocation.h */,
				404088B61BD51CE300606846 /* OCMMacroState.h */,
				404088B71BD51CE300606846 /* OCMock.h */,
				404088B81BD51CE300606846 /* OCMockObject.h */,
				404088B91BD51CE300606846 /* OCMRecorder.h */,
				404088BA1BD51CE300606846 /* OCMStubRecorder.h */,
			);
			name = OCMock;
			path = Vendor/OCMock;
			sourceTree = "<group>";
		};
		404088BC1BD571A300606846 /* Example */ = {
			isa = PBXGroup;
			children = (
				4040885E1BD50B7E00606846 /* AppDelegate.h */,
				4040885F1BD50B7E00606846 /* AppDelegate.m */,
				404088611BD50B7E00606846 /* ViewController.h */,
				404088621BD50B7E00606846 /* ViewController.m */,
			);
			name = Example;
			sourceTree = "<group>";
		};
		4041F2E91BD6D617006136FB /* Vendor */ = {
			isa = PBXGroup;
			children = (
				4041F2EB1BD6D674006136FB /* MBFunctionalExtensions.h */,
				4041F2EA1BD6D674006136FB /* MBFunctionalExtensions.m */,
			);
			name = Vendor;
			sourceTree = "<group>";
		};
/* End PBXGroup section */

/* Begin PBXNativeTarget section */
		404088571BD50B7E00606846 /* MBAttachmentsPicker */ = {
			isa = PBXNativeTarget;
			buildConfigurationList = 404088851BD50B7F00606846 /* Build configuration list for PBXNativeTarget "MBAttachmentsPicker" */;
			buildPhases = (
				404088541BD50B7E00606846 /* Sources */,
				404088551BD50B7E00606846 /* Frameworks */,
				404088561BD50B7E00606846 /* Resources */,
			);
			buildRules = (
			);
			dependencies = (
			);
			name = MBAttachmentsPicker;
			productName = MBAttachmentsPicker;
			productReference = 404088581BD50B7E00606846 /* MBAttachmentsPicker.app */;
			productType = "com.apple.product-type.application";
		};
		404088701BD50B7F00606846 /* MBAttachmentsPickerTests */ = {
			isa = PBXNativeTarget;
			buildConfigurationList = 404088881BD50B7F00606846 /* Build configuration list for PBXNativeTarget "MBAttachmentsPickerTests" */;
			buildPhases = (
				4040886D1BD50B7F00606846 /* Sources */,
				4040886E1BD50B7F00606846 /* Frameworks */,
				4040886F1BD50B7F00606846 /* Resources */,
			);
			buildRules = (
			);
			dependencies = (
				404088731BD50B7F00606846 /* PBXTargetDependency */,
			);
			name = MBAttachmentsPickerTests;
			productName = MBAttachmentsPickerTests;
			productReference = 404088711BD50B7F00606846 /* MBAttachmentsPickerTests.xctest */;
			productType = "com.apple.product-type.bundle.unit-test";
		};
		4040887B1BD50B7F00606846 /* MBAttachmentsPickerUITests */ = {
			isa = PBXNativeTarget;
			buildConfigurationList = 4040888B1BD50B7F00606846 /* Build configuration list for PBXNativeTarget "MBAttachmentsPickerUITests" */;
			buildPhases = (
				404088781BD50B7F00606846 /* Sources */,
				404088791BD50B7F00606846 /* Frameworks */,
				4040887A1BD50B7F00606846 /* Resources */,
			);
			buildRules = (
			);
			dependencies = (
				4040887E1BD50B7F00606846 /* PBXTargetDependency */,
			);
			name = MBAttachmentsPickerUITests;
			productName = MBAttachmentsPickerUITests;
			productReference = 4040887C1BD50B7F00606846 /* MBAttachmentsPickerUITests.xctest */;
			productType = "com.apple.product-type.bundle.ui-testing";
		};
/* End PBXNativeTarget section */

/* Begin PBXProject section */
		404088501BD50B7E00606846 /* Project object */ = {
			isa = PBXProject;
			attributes = {
				LastUpgradeCheck = 0700;
				ORGANIZATIONNAME = "Vladimir Kaltyrin";
				TargetAttributes = {
					404088571BD50B7E00606846 = {
						CreatedOnToolsVersion = 7.0;
					};
					404088701BD50B7F00606846 = {
						CreatedOnToolsVersion = 7.0;
						TestTargetID = 404088571BD50B7E00606846;
					};
					4040887B1BD50B7F00606846 = {
						CreatedOnToolsVersion = 7.0;
						TestTargetID = 404088571BD50B7E00606846;
					};
				};
			};
			buildConfigurationList = 404088531BD50B7E00606846 /* Build configuration list for PBXProject "MBAttachmentsPicker" */;
			compatibilityVersion = "Xcode 3.2";
			developmentRegion = English;
			hasScannedForEncodings = 0;
			knownRegions = (
				en,
				Base,
			);
			mainGroup = 4040884F1BD50B7E00606846;
			productRefGroup = 404088591BD50B7E00606846 /* Products */;
			projectDirPath = "";
			projectRoot = "";
			targets = (
				404088571BD50B7E00606846 /* MBAttachmentsPicker */,
				404088701BD50B7F00606846 /* MBAttachmentsPickerTests */,
				4040887B1BD50B7F00606846 /* MBAttachmentsPickerUITests */,
			);
		};
/* End PBXProject section */

/* Begin PBXResourcesBuildPhase section */
		404088561BD50B7E00606846 /* Resources */ = {
			isa = PBXResourcesBuildPhase;
			buildActionMask = 2147483647;
			files = (
				4040886B1BD50B7E00606846 /* LaunchScreen.storyboard in Resources */,
				404088681BD50B7E00606846 /* Assets.xcassets in Resources */,
				404088661BD50B7E00606846 /* Main.storyboard in Resources */,
			);
			runOnlyForDeploymentPostprocessing = 0;
		};
		4040886F1BD50B7F00606846 /* Resources */ = {
			isa = PBXResourcesBuildPhase;
			buildActionMask = 2147483647;
			files = (
			);
			runOnlyForDeploymentPostprocessing = 0;
		};
		4040887A1BD50B7F00606846 /* Resources */ = {
			isa = PBXResourcesBuildPhase;
			buildActionMask = 2147483647;
			files = (
			);
			runOnlyForDeploymentPostprocessing = 0;
		};
/* End PBXResourcesBuildPhase section */

/* Begin PBXSourcesBuildPhase section */
		404088541BD50B7E00606846 /* Sources */ = {
			isa = PBXSourcesBuildPhase;
			buildActionMask = 2147483647;
			files = (
				404088631BD50B7E00606846 /* ViewController.m in Sources */,
				4041F2EC1BD6D674006136FB /* MBFunctionalExtensions.m in Sources */,
				4040889F1BD50FF500606846 /* MBAttachment.m in Sources */,
				4041F2F21BD6DC67006136FB /* MBSheetHostCell.m in Sources */,
				404088601BD50B7E00606846 /* AppDelegate.m in Sources */,
				4040885D1BD50B7E00606846 /* main.m in Sources */,
				4041F2E71BD6C6A3006136FB /* MBPickerAnimationController.m in Sources */,
				404088931BD50DB600606846 /* MBSheetAction.m in Sources */,
				404088981BD50F9300606846 /* MBSheetController.m in Sources */,
				404088901BD50D4900606846 /* MBAttachmentsPickerController.m in Sources */,
				4041F2EF1BD6DB6A006136FB /* MBSheetCollectionViewLayout.m in Sources */,
			);
			runOnlyForDeploymentPostprocessing = 0;
		};
		4040886D1BD50B7F00606846 /* Sources */ = {
			isa = PBXSourcesBuildPhase;
			buildActionMask = 2147483647;
			files = (
			);
			runOnlyForDeploymentPostprocessing = 0;
		};
		404088781BD50B7F00606846 /* Sources */ = {
			isa = PBXSourcesBuildPhase;
			buildActionMask = 2147483647;
			files = (
				404088811BD50B7F00606846 /* MBAttachmentsPickerUITests.m in Sources */,
			);
			runOnlyForDeploymentPostprocessing = 0;
		};
/* End PBXSourcesBuildPhase section */

/* Begin PBXTargetDependency section */
		404088731BD50B7F00606846 /* PBXTargetDependency */ = {
			isa = PBXTargetDependency;
			target = 404088571BD50B7E00606846 /* MBAttachmentsPicker */;
			targetProxy = 404088721BD50B7F00606846 /* PBXContainerItemProxy */;
		};
		4040887E1BD50B7F00606846 /* PBXTargetDependency */ = {
			isa = PBXTargetDependency;
			target = 404088571BD50B7E00606846 /* MBAttachmentsPicker */;
			targetProxy = 4040887D1BD50B7F00606846 /* PBXContainerItemProxy */;
		};
/* End PBXTargetDependency section */

/* Begin PBXVariantGroup section */
		404088641BD50B7E00606846 /* Main.storyboard */ = {
			isa = PBXVariantGroup;
			children = (
				404088651BD50B7E00606846 /* Base */,
			);
			name = Main.storyboard;
			sourceTree = "<group>";
		};
		404088691BD50B7E00606846 /* LaunchScreen.storyboard */ = {
			isa = PBXVariantGroup;
			children = (
				4040886A1BD50B7E00606846 /* Base */,
			);
			name = LaunchScreen.storyboard;
			sourceTree = "<group>";
		};
/* End PBXVariantGroup section */

/* Begin XCBuildConfiguration section */
		404088831BD50B7F00606846 /* Debug */ = {
			isa = XCBuildConfiguration;
			buildSettings = {
				ALWAYS_SEARCH_USER_PATHS = NO;
				CLANG_CXX_LANGUAGE_STANDARD = "gnu++0x";
				CLANG_CXX_LIBRARY = "libc++";
				CLANG_ENABLE_MODULES = YES;
				CLANG_ENABLE_OBJC_ARC = YES;
				CLANG_WARN_BOOL_CONVERSION = YES;
				CLANG_WARN_CONSTANT_CONVERSION = YES;
				CLANG_WARN_DIRECT_OBJC_ISA_USAGE = YES_ERROR;
				CLANG_WARN_EMPTY_BODY = YES;
				CLANG_WARN_ENUM_CONVERSION = YES;
				CLANG_WARN_INT_CONVERSION = YES;
				CLANG_WARN_OBJC_ROOT_CLASS = YES_ERROR;
				CLANG_WARN_UNREACHABLE_CODE = YES;
				CLANG_WARN__DUPLICATE_METHOD_MATCH = YES;
				"CODE_SIGN_IDENTITY[sdk=iphoneos*]" = "iPhone Developer";
				COPY_PHASE_STRIP = NO;
				DEBUG_INFORMATION_FORMAT = dwarf;
				ENABLE_STRICT_OBJC_MSGSEND = YES;
				ENABLE_TESTABILITY = YES;
				GCC_C_LANGUAGE_STANDARD = gnu99;
				GCC_DYNAMIC_NO_PIC = NO;
				GCC_NO_COMMON_BLOCKS = YES;
				GCC_OPTIMIZATION_LEVEL = 0;
				GCC_PREPROCESSOR_DEFINITIONS = (
					"DEBUG=1",
					"$(inherited)",
				);
				GCC_WARN_64_TO_32_BIT_CONVERSION = YES;
				GCC_WARN_ABOUT_RETURN_TYPE = YES_ERROR;
				GCC_WARN_UNDECLARED_SELECTOR = YES;
				GCC_WARN_UNINITIALIZED_AUTOS = YES_AGGRESSIVE;
				GCC_WARN_UNUSED_FUNCTION = YES;
				GCC_WARN_UNUSED_VARIABLE = YES;
				IPHONEOS_DEPLOYMENT_TARGET = 9.0;
				MTL_ENABLE_DEBUG_INFO = YES;
				ONLY_ACTIVE_ARCH = YES;
				SDKROOT = iphoneos;
				TARGETED_DEVICE_FAMILY = "1,2";
			};
			name = Debug;
		};
		404088841BD50B7F00606846 /* Release */ = {
			isa = XCBuildConfiguration;
			buildSettings = {
				ALWAYS_SEARCH_USER_PATHS = NO;
				CLANG_CXX_LANGUAGE_STANDARD = "gnu++0x";
				CLANG_CXX_LIBRARY = "libc++";
				CLANG_ENABLE_MODULES = YES;
				CLANG_ENABLE_OBJC_ARC = YES;
				CLANG_WARN_BOOL_CONVERSION = YES;
				CLANG_WARN_CONSTANT_CONVERSION = YES;
				CLANG_WARN_DIRECT_OBJC_ISA_USAGE = YES_ERROR;
				CLANG_WARN_EMPTY_BODY = YES;
				CLANG_WARN_ENUM_CONVERSION = YES;
				CLANG_WARN_INT_CONVERSION = YES;
				CLANG_WARN_OBJC_ROOT_CLASS = YES_ERROR;
				CLANG_WARN_UNREACHABLE_CODE = YES;
				CLANG_WARN__DUPLICATE_METHOD_MATCH = YES;
				"CODE_SIGN_IDENTITY[sdk=iphoneos*]" = "iPhone Developer";
				COPY_PHASE_STRIP = NO;
				DEBUG_INFORMATION_FORMAT = "dwarf-with-dsym";
				ENABLE_NS_ASSERTIONS = NO;
				ENABLE_STRICT_OBJC_MSGSEND = YES;
				GCC_C_LANGUAGE_STANDARD = gnu99;
				GCC_NO_COMMON_BLOCKS = YES;
				GCC_WARN_64_TO_32_BIT_CONVERSION = YES;
				GCC_WARN_ABOUT_RETURN_TYPE = YES_ERROR;
				GCC_WARN_UNDECLARED_SELECTOR = YES;
				GCC_WARN_UNINITIALIZED_AUTOS = YES_AGGRESSIVE;
				GCC_WARN_UNUSED_FUNCTION = YES;
				GCC_WARN_UNUSED_VARIABLE = YES;
				IPHONEOS_DEPLOYMENT_TARGET = 9.0;
				MTL_ENABLE_DEBUG_INFO = NO;
				SDKROOT = iphoneos;
				TARGETED_DEVICE_FAMILY = "1,2";
				VALIDATE_PRODUCT = YES;
			};
			name = Release;
		};
		404088861BD50B7F00606846 /* Debug */ = {
			isa = XCBuildConfiguration;
			buildSettings = {
				ASSETCATALOG_COMPILER_APPICON_NAME = AppIcon;
				INFOPLIST_FILE = MBAttachmentsPicker/Info.plist;
				LD_RUNPATH_SEARCH_PATHS = "$(inherited) @executable_path/Frameworks";
				PRODUCT_BUNDLE_IDENTIFIER = com.kaltyrin.MBAttachmentsPicker;
				PRODUCT_NAME = "$(TARGET_NAME)";
			};
			name = Debug;
		};
		404088871BD50B7F00606846 /* Release */ = {
			isa = XCBuildConfiguration;
			buildSettings = {
				ASSETCATALOG_COMPILER_APPICON_NAME = AppIcon;
				INFOPLIST_FILE = MBAttachmentsPicker/Info.plist;
				LD_RUNPATH_SEARCH_PATHS = "$(inherited) @executable_path/Frameworks";
				PRODUCT_BUNDLE_IDENTIFIER = com.kaltyrin.MBAttachmentsPicker;
				PRODUCT_NAME = "$(TARGET_NAME)";
			};
			name = Release;
		};
		404088891BD50B7F00606846 /* Debug */ = {
			isa = XCBuildConfiguration;
			buildSettings = {
				BUNDLE_LOADER = "$(TEST_HOST)";
				INFOPLIST_FILE = MBAttachmentsPickerTests/Info.plist;
				LD_RUNPATH_SEARCH_PATHS = "$(inherited) @executable_path/Frameworks @loader_path/Frameworks";
				LIBRARY_SEARCH_PATHS = (
					"$(inherited)",
					"$(PROJECT_DIR)/MBAttachmentsPickerTests/Vendor",
				);
				PRODUCT_BUNDLE_IDENTIFIER = com.kaltyrin.MBAttachmentsPickerTests;
				PRODUCT_NAME = "$(TARGET_NAME)";
				TEST_HOST = "$(BUILT_PRODUCTS_DIR)/MBAttachmentsPicker.app/MBAttachmentsPicker";
			};
			name = Debug;
		};
		4040888A1BD50B7F00606846 /* Release */ = {
			isa = XCBuildConfiguration;
			buildSettings = {
				BUNDLE_LOADER = "$(TEST_HOST)";
				INFOPLIST_FILE = MBAttachmentsPickerTests/Info.plist;
				LD_RUNPATH_SEARCH_PATHS = "$(inherited) @executable_path/Frameworks @loader_path/Frameworks";
				LIBRARY_SEARCH_PATHS = (
					"$(inherited)",
					"$(PROJECT_DIR)/MBAttachmentsPickerTests/Vendor",
				);
				PRODUCT_BUNDLE_IDENTIFIER = com.kaltyrin.MBAttachmentsPickerTests;
				PRODUCT_NAME = "$(TARGET_NAME)";
				TEST_HOST = "$(BUILT_PRODUCTS_DIR)/MBAttachmentsPicker.app/MBAttachmentsPicker";
			};
			name = Release;
		};
		4040888C1BD50B7F00606846 /* Debug */ = {
			isa = XCBuildConfiguration;
			buildSettings = {
				INFOPLIST_FILE = MBAttachmentsPickerUITests/Info.plist;
				LD_RUNPATH_SEARCH_PATHS = "$(inherited) @executable_path/Frameworks @loader_path/Frameworks";
				PRODUCT_BUNDLE_IDENTIFIER = com.kaltyrin.MBAttachmentsPickerUITests;
				PRODUCT_NAME = "$(TARGET_NAME)";
				TEST_TARGET_NAME = MBAttachmentsPicker;
				USES_XCTRUNNER = YES;
			};
			name = Debug;
		};
		4040888D1BD50B7F00606846 /* Release */ = {
			isa = XCBuildConfiguration;
			buildSettings = {
				INFOPLIST_FILE = MBAttachmentsPickerUITests/Info.plist;
				LD_RUNPATH_SEARCH_PATHS = "$(inherited) @executable_path/Frameworks @loader_path/Frameworks";
				PRODUCT_BUNDLE_IDENTIFIER = com.kaltyrin.MBAttachmentsPickerUITests;
				PRODUCT_NAME = "$(TARGET_NAME)";
				TEST_TARGET_NAME = MBAttachmentsPicker;
				USES_XCTRUNNER = YES;
			};
			name = Release;
		};
/* End XCBuildConfiguration section */

/* Begin XCConfigurationList section */
		404088531BD50B7E00606846 /* Build configuration list for PBXProject "MBAttachmentsPicker" */ = {
			isa = XCConfigurationList;
			buildConfigurations = (
				404088831BD50B7F00606846 /* Debug */,
				404088841BD50B7F00606846 /* Release */,
			);
			defaultConfigurationIsVisible = 0;
			defaultConfigurationName = Release;
		};
		404088851BD50B7F00606846 /* Build configuration list for PBXNativeTarget "MBAttachmentsPicker" */ = {
			isa = XCConfigurationList;
			buildConfigurations = (
				404088861BD50B7F00606846 /* Debug */,
				404088871BD50B7F00606846 /* Release */,
			);
			defaultConfigurationIsVisible = 0;
			defaultConfigurationName = Release;
		};
		404088881BD50B7F00606846 /* Build configuration list for PBXNativeTarget "MBAttachmentsPickerTests" */ = {
			isa = XCConfigurationList;
			buildConfigurations = (
				404088891BD50B7F00606846 /* Debug */,
				4040888A1BD50B7F00606846 /* Release */,
			);
			defaultConfigurationIsVisible = 0;
			defaultConfigurationName = Release;
		};
		4040888B1BD50B7F00606846 /* Build configuration list for PBXNativeTarget "MBAttachmentsPickerUITests" */ = {
			isa = XCConfigurationList;
			buildConfigurations = (
				4040888C1BD50B7F00606846 /* Debug */,
				4040888D1BD50B7F00606846 /* Release */,
			);
			defaultConfigurationIsVisible = 0;
			defaultConfigurationName = Release;
		};
/* End XCConfigurationList section */
	};
	rootObject = 404088501BD50B7E00606846 /* Project object */;
}
